{
  "name": "pm4-docker-executor-node",
  "version": "1.0.0",
  "lockfileVersion": 1,
  "requires": true,
  "dependencies": {
    "process_maker_api": {
      "version": "file:../pm4-sdk-node",
      "requires": {
        "superagent": "3.7.0"
      },
      "dependencies": {
        "asynckit": {
          "version": "0.4.0",
          "bundled": true
        },
        "combined-stream": {
          "version": "1.0.7",
          "bundled": true,
          "requires": {
            "delayed-stream": "~1.0.0"
          }
        },
        "component-emitter": {
          "version": "1.2.1",
          "bundled": true
        },
        "cookiejar": {
          "version": "2.1.2",
          "bundled": true
        },
        "core-util-is": {
          "version": "1.0.2",
          "bundled": true
        },
        "debug": {
          "version": "3.2.6",
          "bundled": true,
          "requires": {
            "ms": "^2.1.1"
          }
        },
        "delayed-stream": {
          "version": "1.0.0",
          "bundled": true
        },
        "extend": {
          "version": "3.0.2",
          "bundled": true
        },
        "form-data": {
          "version": "2.3.3",
          "bundled": true,
          "requires": {
            "asynckit": "^0.4.0",
            "combined-stream": "^1.0.6",
            "mime-types": "^2.1.12"
          }
        },
        "formidable": {
          "version": "1.2.1",
          "bundled": true
        },
        "inherits": {
          "version": "2.0.3",
          "bundled": true
        },
        "isarray": {
          "version": "1.0.0",
          "bundled": true
        },
        "methods": {
          "version": "1.1.2",
          "bundled": true
        },
        "mime": {
          "version": "1.6.0",
          "bundled": true
        },
        "mime-db": {
          "version": "1.38.0",
          "bundled": true
        },
        "mime-types": {
          "version": "2.1.22",
          "bundled": true,
          "requires": {
            "mime-db": "~1.38.0"
          }
        },
        "ms": {
          "version": "2.1.1",
          "bundled": true
        },
        "process-nextick-args": {
          "version": "2.0.0",
          "bundled": true
        },
        "qs": {
          "version": "6.6.0",
          "bundled": true
        },
        "readable-stream": {
          "version": "2.3.6",
          "bundled": true,
          "requires": {
            "core-util-is": "~1.0.0",
            "inherits": "~2.0.3",
            "isarray": "~1.0.0",
            "process-nextick-args": "~2.0.0",
            "safe-buffer": "~5.1.1",
            "string_decoder": "~1.1.1",
            "util-deprecate": "~1.0.1"
          }
        },
        "safe-buffer": {
          "version": "5.1.2",
          "bundled": true
        },
        "string_decoder": {
          "version": "1.1.1",
          "bundled": true,
          "requires": {
            "safe-buffer": "~5.1.0"
          }
        },
        "superagent": {
          "version": "3.7.0",
          "bundled": true,
          "requires": {
            "component-emitter": "^1.2.0",
            "cookiejar": "^2.1.0",
            "debug": "^3.1.0",
            "extend": "^3.0.0",
            "form-data": "^2.3.1",
            "formidable": "^1.1.1",
            "methods": "^1.1.1",
            "mime": "^1.4.1",
            "qs": "^6.5.1",
            "readable-stream": "^2.0.5"
          }
        },
        "util-deprecate": {
          "version": "1.0.2",
          "bundled": true
        }
      }
    }
  }
}
